
Microsoft Visual Studio Solution File, Format Version 12.00
# Visual Studio Version 17
VisualStudioVersion = 17.2.32616.157
MinimumVisualStudioVersion = 10.0.40219.1
Project("{FAE04EC0-301F-11D3-BF4B-00C04F79EFBC}") = "Ejercicio2_3.Android", "Ejercicio2_3.Android\Ejercicio2_3.Android.csproj", "{FD3A35B1-B42F-4459-9384-29835C9C2043}"
EndProject
Project("{FAE04EC0-301F-11D3-BF4B-00C04F79EFBC}") = "Ejercicio2_3", "Ejercicio2_3\Ejercicio2_3.csproj", "{74E6DDEE-6B3D-4A51-BFFF-9FCACDF03430}"
EndProject
Global
	GlobalSection(SolutionConfigurationPlatforms) = preSolution
		Debug|Any CPU = Debug|Any CPU
		Release|Any CPU = Release|Any CPU
	EndGlobalSection
	GlobalSection(ProjectConfigurationPlatforms) = postSolution
		{FD3A35B1-B42F-4459-9384-29835C9C2043}.Debug|Any CPU.ActiveCfg = Debug|Any CPU
		{FD3A35B1-B42F-4459-9384-29835C9C2043}.Debug|Any CPU.Build.0 = Debug|Any CPU
		{FD3A35B1-B42F-4459-9384-29835C9C2043}.Debug|Any CPU.Deploy.0 = Debug|Any CPU
		{FD3A35B1-B42F-4459-9384-29835C9C2043}.Release|Any CPU.ActiveCfg = Release|Any CPU
		{FD3A35B1-B42F-4459-9384-29835C9C2043}.Release|Any CPU.Build.0 = Release|Any CPU
		{FD3A35B1-B42F-4459-9384-29835C9C2043}.Release|Any CPU.Deploy.0 = Release|Any CPU
		{74E6DDEE-6B3D-4A51-BFFF-9FCACDF03430}.Debug|Any CPU.ActiveCfg = Debug|Any CPU
		{74E6DDEE-6B3D-4A51-BFFF-9FCACDF03430}.Debug|Any CPU.Build.0 = Debug|Any CPU
		{74E6DDEE-6B3D-4A51-BFFF-9FCACDF03430}.Debug|Any CPU.Deploy.0 = Debug|Any CPU
		{74E6DDEE-6B3D-4A51-BFFF-9FCACDF03430}.Release|Any CPU.ActiveCfg = Release|Any CPU
		{74E6DDEE-6B3D-4A51-BFFF-9FCACDF03430}.Release|Any CPU.Build.0 = Release|Any CPU
		{74E6DDEE-6B3D-4A51-BFFF-9FCACDF03430}.Release|Any CPU.Deploy.0 = Release|Any CPU
	EndGlobalSection
	GlobalSection(SolutionProperties) = preSolution
		HideSolutionNode = FALSE
	EndGlobalSection
	GlobalSection(ExtensibilityGlobals) = postSolution
		SolutionGuid = {4364D711-2A34-4368-8084-93C23D51FC5A}
	EndGlobalSection
EndGlobal
